<?xml version="1.0" encoding="utf-8"?>
<Project ToolsVersion="4.0" xmlns="http://schemas.microsoft.com/developer/msbuild/2003">
  <ItemGroup>
    <Filter Include="소스 파일">
      <UniqueIdentifier>{4FC737F1-C7A5-4376-A066-2A32D752A2FF}</UniqueIdentifier>
      <Extensions>cpp;c;cc;cxx;c++;cppm;ixx;def;odl;idl;hpj;bat;asm;asmx</Extensions>
    </Filter>
    <Filter Include="헤더 파일">
      <UniqueIdentifier>{93995380-89BD-4b04-88EB-625FBE52EBFB}</UniqueIdentifier>
      <Extensions>h;hh;hpp;hxx;h++;hm;inl;inc;ipp;xsd</Extensions>
    </Filter>
    <Filter Include="리소스 파일">
      <UniqueIdentifier>{67DA6AB6-F800-4c08-8B7A-83BB121AAD01}</UniqueIdentifier>
      <Extensions>rc;ico;cur;bmp;dlg;rc2;rct;bin;rgs;gif;jpg;jpeg;jpe;resx;tiff;tif;png;wav;mfcribbon-ms</Extensions>
    </Filter>
    <Filter Include="리소스 파일\BOJ">
      <UniqueIdentifier>{1a639780-d77a-41f9-bf7f-8b92018c0b50}</UniqueIdentifier>
    </Filter>
    <Filter Include="리소스 파일\BOJ\String">
      <UniqueIdentifier>{b5b01082-0385-4a31-a9b3-f0b5ba01396f}</UniqueIdentifier>
    </Filter>
    <Filter Include="리소스 파일\BOJ\Loop">
      <UniqueIdentifier>{a1217394-c344-4a5b-9f21-61b827a44f7c}</UniqueIdentifier>
    </Filter>
    <Filter Include="리소스 파일\BOJ\Array">
      <UniqueIdentifier>{b057f5ce-bed9-4f09-96f2-50254c4d06b1}</UniqueIdentifier>
    </Filter>
    <Filter Include="리소스 파일\BOJ\Intensified_01">
      <UniqueIdentifier>{efc66632-8619-47ec-8dc3-e8528462e45b}</UniqueIdentifier>
    </Filter>
  </ItemGroup>
  <ItemGroup>
    <ClCompile Include="Loop_01.cpp">
      <Filter>리소스 파일\BOJ\Loop</Filter>
    </ClCompile>
    <ClCompile Include="Loop_02.cpp">
      <Filter>리소스 파일\BOJ\Loop</Filter>
    </ClCompile>
    <ClCompile Include="Loop_03.cpp">
      <Filter>리소스 파일\BOJ\Loop</Filter>
    </ClCompile>
    <ClCompile Include="Loop_04.cpp">
      <Filter>리소스 파일\BOJ\Loop</Filter>
    </ClCompile>
    <ClCompile Include="Loop_05.cpp">
      <Filter>리소스 파일\BOJ\Loop</Filter>
    </ClCompile>
    <ClCompile Include="Loop_06.cpp">
      <Filter>리소스 파일\BOJ\Loop</Filter>
    </ClCompile>
    <ClCompile Include="Loop_07.cpp">
      <Filter>리소스 파일\BOJ\Loop</Filter>
    </ClCompile>
    <ClCompile Include="Loop_08.cpp">
      <Filter>리소스 파일\BOJ\Loop</Filter>
    </ClCompile>
    <ClCompile Include="Loop_10.cpp">
      <Filter>리소스 파일\BOJ\Loop</Filter>
    </ClCompile>
    <ClCompile Include="Loop_09.cpp">
      <Filter>리소스 파일\BOJ\Loop</Filter>
    </ClCompile>
    <ClCompile Include="Loop_11.cpp">
      <Filter>리소스 파일\BOJ\Loop</Filter>
    </ClCompile>
    <ClCompile Include="Array_01.cpp">
      <Filter>리소스 파일\BOJ\Array</Filter>
    </ClCompile>
    <ClCompile Include="Array_02.cpp">
      <Filter>리소스 파일\BOJ\Array</Filter>
    </ClCompile>
    <ClCompile Include="Array_03.cpp">
      <Filter>리소스 파일\BOJ\Array</Filter>
    </ClCompile>
    <ClCompile Include="Array_04.cpp">
      <Filter>리소스 파일\BOJ\Array</Filter>
    </ClCompile>
    <ClCompile Include="Array_05.cpp">
      <Filter>리소스 파일\BOJ\Array</Filter>
    </ClCompile>
    <ClCompile Include="Array_06.cpp">
      <Filter>리소스 파일\BOJ\Array</Filter>
    </ClCompile>
    <ClCompile Include="Array_07.cpp">
      <Filter>리소스 파일\BOJ\Array</Filter>
    </ClCompile>
    <ClCompile Include="Array_08.cpp">
      <Filter>리소스 파일\BOJ\Array</Filter>
    </ClCompile>
    <ClCompile Include="Array_09.cpp">
      <Filter>리소스 파일\BOJ\Array</Filter>
    </ClCompile>
    <ClCompile Include="Array_10.cpp">
      <Filter>리소스 파일\BOJ\Array</Filter>
    </ClCompile>
    <ClCompile Include="String_01.cpp">
      <Filter>리소스 파일\BOJ\String</Filter>
    </ClCompile>
    <ClCompile Include="String_02.cpp">
      <Filter>리소스 파일\BOJ\String</Filter>
    </ClCompile>
    <ClCompile Include="String_03.cpp">
      <Filter>리소스 파일\BOJ\String</Filter>
    </ClCompile>
    <ClCompile Include="String_04.cpp">
      <Filter>리소스 파일\BOJ\String</Filter>
    </ClCompile>
    <ClCompile Include="String_05.cpp">
      <Filter>리소스 파일\BOJ\String</Filter>
    </ClCompile>
    <ClCompile Include="String_06.cpp">
      <Filter>리소스 파일\BOJ\String</Filter>
    </ClCompile>
    <ClCompile Include="String_07.cpp">
      <Filter>리소스 파일\BOJ\String</Filter>
    </ClCompile>
    <ClCompile Include="String_08.cpp">
      <Filter>리소스 파일\BOJ\String</Filter>
    </ClCompile>
    <ClCompile Include="String_09.cpp">
      <Filter>리소스 파일\BOJ\String</Filter>
    </ClCompile>
    <ClCompile Include="String_10.cpp">
      <Filter>리소스 파일\BOJ\String</Filter>
    </ClCompile>
    <ClCompile Include="String_11.cpp">
      <Filter>리소스 파일\BOJ\String</Filter>
    </ClCompile>
    <ClCompile Include="String_12.cpp">
      <Filter>리소스 파일\BOJ\String</Filter>
    </ClCompile>
    <ClCompile Include="deep_01.cpp">
      <Filter>리소스 파일\BOJ\Intensified_01</Filter>
    </ClCompile>
    <ClCompile Include="deep_02.cpp">
      <Filter>리소스 파일\BOJ\Intensified_01</Filter>
    </ClCompile>
    <ClCompile Include="deep_03.cpp">
      <Filter>리소스 파일\BOJ\Intensified_01</Filter>
    </ClCompile>
    <ClCompile Include="deep_04.cpp">
      <Filter>리소스 파일\BOJ\Intensified_01</Filter>
    </ClCompile>
    <ClCompile Include="deep_05.cpp">
      <Filter>리소스 파일\BOJ\Intensified_01</Filter>
    </ClCompile>
    <ClCompile Include="deep_06.cpp">
      <Filter>리소스 파일\BOJ\Intensified_01</Filter>
    </ClCompile>
    <ClCompile Include="deep_07.cpp">
      <Filter>리소스 파일\BOJ\Intensified_01</Filter>
    </ClCompile>
    <ClCompile Include="deep_08.cpp">
      <Filter>리소스 파일\BOJ\Intensified_01</Filter>
    </ClCompile>
  </ItemGroup>
</Project>